
Microsoft Visual Studio Solution File, Format Version 12.00
# Visual Studio Version 16
VisualStudioVersion = 16.0.31729.503
MinimumVisualStudioVersion = 10.0.40219.1
Project("{FAE04EC0-301F-11D3-BF4B-00C04F79EFBC}") = "Imagegram", "Imagegram\Imagegram.csproj", "{AEDD07D2-F127-4E8C-9530-FF6860A27B31}"
EndProject
Project("{FAE04EC0-301F-11D3-BF4B-00C04F79EFBC}") = "BusinessServices", "BusinessServices\BusinessServices.csproj", "{DBEAD9E7-01A1-4DC3-A488-A470E51A7E70}"
EndProject
Project("{FAE04EC0-301F-11D3-BF4B-00C04F79EFBC}") = "DataServices", "DataServices\DataServices.csproj", "{F4377F9B-54CA-4435-937C-4850D8D23EB8}"
EndProject
Project("{FAE04EC0-301F-11D3-BF4B-00C04F79EFBC}") = "Domain", "Domain\Domain.csproj", "{50BB41E7-520F-4501-A32B-8E7A34C41529}"
EndProject
Project("{FAE04EC0-301F-11D3-BF4B-00C04F79EFBC}") = "Tests", "Tests\Tests.csproj", "{AF743B9D-D532-4F4B-85C2-937D7A9C12A4}"
EndProject
Global
	GlobalSection(SolutionConfigurationPlatforms) = preSolution
		Debug|Any CPU = Debug|Any CPU
		Release|Any CPU = Release|Any CPU
	EndGlobalSection
	GlobalSection(ProjectConfigurationPlatforms) = postSolution
		{AEDD07D2-F127-4E8C-9530-FF6860A27B31}.Debug|Any CPU.ActiveCfg = Debug|Any CPU
		{AEDD07D2-F127-4E8C-9530-FF6860A27B31}.Debug|Any CPU.Build.0 = Debug|Any CPU
		{AEDD07D2-F127-4E8C-9530-FF6860A27B31}.Release|Any CPU.ActiveCfg = Release|Any CPU
		{AEDD07D2-F127-4E8C-9530-FF6860A27B31}.Release|Any CPU.Build.0 = Release|Any CPU
		{DBEAD9E7-01A1-4DC3-A488-A470E51A7E70}.Debug|Any CPU.ActiveCfg = Debug|Any CPU
		{DBEAD9E7-01A1-4DC3-A488-A470E51A7E70}.Debug|Any CPU.Build.0 = Debug|Any CPU
		{DBEAD9E7-01A1-4DC3-A488-A470E51A7E70}.Release|Any CPU.ActiveCfg = Release|Any CPU
		{DBEAD9E7-01A1-4DC3-A488-A470E51A7E70}.Release|Any CPU.Build.0 = Release|Any CPU
		{F4377F9B-54CA-4435-937C-4850D8D23EB8}.Debug|Any CPU.ActiveCfg = Debug|Any CPU
		{F4377F9B-54CA-4435-937C-4850D8D23EB8}.Debug|Any CPU.Build.0 = Debug|Any CPU
		{F4377F9B-54CA-4435-937C-4850D8D23EB8}.Release|Any CPU.ActiveCfg = Release|Any CPU
		{F4377F9B-54CA-4435-937C-4850D8D23EB8}.Release|Any CPU.Build.0 = Release|Any CPU
		{50BB41E7-520F-4501-A32B-8E7A34C41529}.Debug|Any CPU.ActiveCfg = Debug|Any CPU
		{50BB41E7-520F-4501-A32B-8E7A34C41529}.Debug|Any CPU.Build.0 = Debug|Any CPU
		{50BB41E7-520F-4501-A32B-8E7A34C41529}.Release|Any CPU.ActiveCfg = Release|Any CPU
		{50BB41E7-520F-4501-A32B-8E7A34C41529}.Release|Any CPU.Build.0 = Release|Any CPU
		{AF743B9D-D532-4F4B-85C2-937D7A9C12A4}.Debug|Any CPU.ActiveCfg = Debug|Any CPU
		{AF743B9D-D532-4F4B-85C2-937D7A9C12A4}.Debug|Any CPU.Build.0 = Debug|Any CPU
		{AF743B9D-D532-4F4B-85C2-937D7A9C12A4}.Release|Any CPU.ActiveCfg = Release|Any CPU
		{AF743B9D-D532-4F4B-85C2-937D7A9C12A4}.Release|Any CPU.Build.0 = Release|Any CPU
	EndGlobalSection
	GlobalSection(SolutionProperties) = preSolution
		HideSolutionNode = FALSE
	EndGlobalSection
	GlobalSection(ExtensibilityGlobals) = postSolution
		SolutionGuid = {8D83B565-F3A9-4941-BE24-C7FEB09AC3F7}
	EndGlobalSection
EndGlobal
